{
  "name": "donationbank",
  "version": "1.0.0",
  "lockfileVersion": 1,
  "requires": true,
  "dependencies": {
    "bootstrap": {
      "version": "4.5.3",
      "resolved": "https://registry.npmjs.org/bootstrap/-/bootstrap-4.5.3.tgz",
      "integrity": "sha512-o9ppKQioXGqhw8Z7mah6KdTYpNQY//tipnkxppWhPbiSWdD+1raYsnhwEZjkTHYbGee4cVQ0Rx65EhOY/HNLcQ=="
    },
    "nootstrap": {
      "version": "1.0.0",
      "resolved": "https://registry.npmjs.org/nootstrap/-/nootstrap-1.0.0.tgz",
      "integrity": "sha512-GKx1xWeU9P809GlDQFEewQ2uOzpqz3oT60Se6/U52llAQGGrjlrM7AR3xicCXTbbud1w3ak05bbO9PUTD1C7pw=="
    }
  }
}
